
Microsoft Visual Studio Solution File, Format Version 12.00
# Visual Studio Version 16
VisualStudioVersion = 16.0.30204.135
MinimumVisualStudioVersion = 10.0.40219.1
Project("{803FD0C6-D64E-4E16-9DC3-1DAEC859A3D2}") = "telnet_server_mega2560", "telnet_server_mega2560.vgdbproj", "{C6CA7F4B-1F82-40FC-B62D-73A4423CA01D}"
EndProject
Global
	GlobalSection(SolutionConfigurationPlatforms) = preSolution
		Debug|Arduino_Mega_or_Mega_2560 = Debug|Arduino_Mega_or_Mega_2560
		Release|Arduino_Mega_or_Mega_2560 = Release|Arduino_Mega_or_Mega_2560
	EndGlobalSection
	GlobalSection(ProjectConfigurationPlatforms) = postSolution
		{C6CA7F4B-1F82-40FC-B62D-73A4423CA01D}.Debug|Arduino_Mega_or_Mega_2560.ActiveCfg = Debug|Arduino_Mega_or_Mega_2560
		{C6CA7F4B-1F82-40FC-B62D-73A4423CA01D}.Debug|Arduino_Mega_or_Mega_2560.Build.0 = Debug|Arduino_Mega_or_Mega_2560
		{C6CA7F4B-1F82-40FC-B62D-73A4423CA01D}.Release|Arduino_Mega_or_Mega_2560.ActiveCfg = Release|Arduino_Mega_or_Mega_2560
		{C6CA7F4B-1F82-40FC-B62D-73A4423CA01D}.Release|Arduino_Mega_or_Mega_2560.Build.0 = Release|Arduino_Mega_or_Mega_2560
	EndGlobalSection
	GlobalSection(SolutionProperties) = preSolution
		HideSolutionNode = FALSE
	EndGlobalSection
	GlobalSection(ExtensibilityGlobals) = postSolution
		SolutionGuid = {F7C2DFC2-9F9C-4619-8BC4-52A648E63EC5}
	EndGlobalSection
EndGlobal
